
Microsoft Visual Studio Solution File, Format Version 12.00
Project("{FAE04EC0-301F-11D3-BF4B-00C04F79EFBC}") = "WireC.Driver", "WireC.Driver\WireC.Driver.csproj", "{17731130-E783-4D68-9BA1-EF02F04C925E}"
EndProject
Project("{FAE04EC0-301F-11D3-BF4B-00C04F79EFBC}") = "WireC.Common", "WireC.Common\WireC.Common.csproj", "{2958D330-24C0-4309-B66E-3848F0A77159}"
EndProject
Project("{FAE04EC0-301F-11D3-BF4B-00C04F79EFBC}") = "WireC.FrontEnd", "WireC.FrontEnd\WireC.FrontEnd.csproj", "{14519E0F-5801-42FD-A417-9D2986B25798}"
EndProject
Project("{FAE04EC0-301F-11D3-BF4B-00C04F79EFBC}") = "WireC.AST", "WireC.AST\WireC.AST.csproj", "{201077A2-9FC4-4A8B-BAE4-C47E0F393194}"
EndProject
Project("{FAE04EC0-301F-11D3-BF4B-00C04F79EFBC}") = "WireC.BackEnd", "WireC.BackEnd\WireC.BackEnd.csproj", "{984153E2-A896-4B7B-8B08-27A571BCFA48}"
EndProject
Project("{FAE04EC0-301F-11D3-BF4B-00C04F79EFBC}") = "WireC.MiddleEnd", "WireC.MiddleEnd\WireC.MiddleEnd.csproj", "{7BCB0F5A-7A90-4CCA-81EF-4BF9FB66DDF9}"
EndProject
Project("{FAE04EC0-301F-11D3-BF4B-00C04F79EFBC}") = "WireC.FrontEnd.Tests", "WireC.FrontEnd.Tests\WireC.FrontEnd.Tests.csproj", "{6C519C0A-A18D-47D8-A02D-DE5C39DA3428}"
EndProject
Global
	GlobalSection(SolutionConfigurationPlatforms) = preSolution
		Debug|Any CPU = Debug|Any CPU
		Release|Any CPU = Release|Any CPU
	EndGlobalSection
	GlobalSection(ProjectConfigurationPlatforms) = postSolution
		{17731130-E783-4D68-9BA1-EF02F04C925E}.Debug|Any CPU.ActiveCfg = Debug|Any CPU
		{17731130-E783-4D68-9BA1-EF02F04C925E}.Debug|Any CPU.Build.0 = Debug|Any CPU
		{17731130-E783-4D68-9BA1-EF02F04C925E}.Release|Any CPU.ActiveCfg = Release|Any CPU
		{17731130-E783-4D68-9BA1-EF02F04C925E}.Release|Any CPU.Build.0 = Release|Any CPU
		{2958D330-24C0-4309-B66E-3848F0A77159}.Debug|Any CPU.ActiveCfg = Debug|Any CPU
		{2958D330-24C0-4309-B66E-3848F0A77159}.Debug|Any CPU.Build.0 = Debug|Any CPU
		{2958D330-24C0-4309-B66E-3848F0A77159}.Release|Any CPU.ActiveCfg = Release|Any CPU
		{2958D330-24C0-4309-B66E-3848F0A77159}.Release|Any CPU.Build.0 = Release|Any CPU
		{14519E0F-5801-42FD-A417-9D2986B25798}.Debug|Any CPU.ActiveCfg = Debug|Any CPU
		{14519E0F-5801-42FD-A417-9D2986B25798}.Debug|Any CPU.Build.0 = Debug|Any CPU
		{14519E0F-5801-42FD-A417-9D2986B25798}.Release|Any CPU.ActiveCfg = Release|Any CPU
		{14519E0F-5801-42FD-A417-9D2986B25798}.Release|Any CPU.Build.0 = Release|Any CPU
		{201077A2-9FC4-4A8B-BAE4-C47E0F393194}.Debug|Any CPU.ActiveCfg = Debug|Any CPU
		{201077A2-9FC4-4A8B-BAE4-C47E0F393194}.Debug|Any CPU.Build.0 = Debug|Any CPU
		{201077A2-9FC4-4A8B-BAE4-C47E0F393194}.Release|Any CPU.ActiveCfg = Release|Any CPU
		{201077A2-9FC4-4A8B-BAE4-C47E0F393194}.Release|Any CPU.Build.0 = Release|Any CPU
		{984153E2-A896-4B7B-8B08-27A571BCFA48}.Debug|Any CPU.ActiveCfg = Debug|Any CPU
		{984153E2-A896-4B7B-8B08-27A571BCFA48}.Debug|Any CPU.Build.0 = Debug|Any CPU
		{984153E2-A896-4B7B-8B08-27A571BCFA48}.Release|Any CPU.ActiveCfg = Release|Any CPU
		{984153E2-A896-4B7B-8B08-27A571BCFA48}.Release|Any CPU.Build.0 = Release|Any CPU
		{7BCB0F5A-7A90-4CCA-81EF-4BF9FB66DDF9}.Debug|Any CPU.ActiveCfg = Debug|Any CPU
		{7BCB0F5A-7A90-4CCA-81EF-4BF9FB66DDF9}.Debug|Any CPU.Build.0 = Debug|Any CPU
		{7BCB0F5A-7A90-4CCA-81EF-4BF9FB66DDF9}.Release|Any CPU.ActiveCfg = Release|Any CPU
		{7BCB0F5A-7A90-4CCA-81EF-4BF9FB66DDF9}.Release|Any CPU.Build.0 = Release|Any CPU
		{6C519C0A-A18D-47D8-A02D-DE5C39DA3428}.Debug|Any CPU.ActiveCfg = Debug|Any CPU
		{6C519C0A-A18D-47D8-A02D-DE5C39DA3428}.Debug|Any CPU.Build.0 = Debug|Any CPU
		{6C519C0A-A18D-47D8-A02D-DE5C39DA3428}.Release|Any CPU.ActiveCfg = Release|Any CPU
		{6C519C0A-A18D-47D8-A02D-DE5C39DA3428}.Release|Any CPU.Build.0 = Release|Any CPU
	EndGlobalSection
EndGlobal
